
Microsoft Visual Studio Solution File, Format Version 12.00
# Visual Studio Version 17
VisualStudioVersion = 17.8.34309.116
MinimumVisualStudioVersion = 10.0.40219.1
Project("{FAE04EC0-301F-11D3-BF4B-00C04F79EFBC}") = "concurrentDesignPatterns", "concurrentDesignPatterns.csproj", "{FBDDC23B-3345-46B7-9085-F75D5EB3BED9}"
EndProject
Global
	GlobalSection(SolutionConfigurationPlatforms) = preSolution
		Debug|Any CPU = Debug|Any CPU
		Release|Any CPU = Release|Any CPU
	EndGlobalSection
	GlobalSection(ProjectConfigurationPlatforms) = postSolution
		{FBDDC23B-3345-46B7-9085-F75D5EB3BED9}.Debug|Any CPU.ActiveCfg = Debug|Any CPU
		{FBDDC23B-3345-46B7-9085-F75D5EB3BED9}.Debug|Any CPU.Build.0 = Debug|Any CPU
		{FBDDC23B-3345-46B7-9085-F75D5EB3BED9}.Release|Any CPU.ActiveCfg = Release|Any CPU
		{FBDDC23B-3345-46B7-9085-F75D5EB3BED9}.Release|Any CPU.Build.0 = Release|Any CPU
	EndGlobalSection
	GlobalSection(SolutionProperties) = preSolution
		HideSolutionNode = FALSE
	EndGlobalSection
	GlobalSection(ExtensibilityGlobals) = postSolution
		SolutionGuid = {1B21D1CB-2414-44D0-A0C1-9FF7307E0F25}
	EndGlobalSection
EndGlobal
